{
  "name": "SharewWaffar",
  "lockfileVersion": 2,
  "requires": true,
  "packages": {
    "": {
      "dependencies": {
        "@cloudinary/url-gen": "^1.8.0"
      }
    },
    "node_modules/@cloudinary/url-gen": {
      "version": "1.8.0",
      "resolved": "https://registry.npmjs.org/@cloudinary/url-gen/-/url-gen-1.8.0.tgz",
      "integrity": "sha512-sSbLY3i/FZ+yHAinVbTzUjIzFGsnpYajWTLG+dc/80GbSfODuxZ0OyXp2kOxtf7MUyx5y998BIa8ketnVr7chA=="
    }
  },
  "dependencies": {
    "@cloudinary/url-gen": {
      "version": "1.8.0",
      "resolved": "https://registry.npmjs.org/@cloudinary/url-gen/-/url-gen-1.8.0.tgz",
      "integrity": "sha512-sSbLY3i/FZ+yHAinVbTzUjIzFGsnpYajWTLG+dc/80GbSfODuxZ0OyXp2kOxtf7MUyx5y998BIa8ketnVr7chA=="
    }
  }
}
